
Microsoft Visual Studio Solution File, Format Version 12.00
# Visual Studio Version 17
VisualStudioVersion = 17.9.34622.214
MinimumVisualStudioVersion = 10.0.40219.1
Project("{9A19103F-16F7-4668-BE54-9A1E7A4F7556}") = "HelloWorld", "HelloWorld\HelloWorld.csproj", "{D72F5361-812E-49B6-AEED-16AA7554B373}"
EndProject
Project("{9A19103F-16F7-4668-BE54-9A1E7A4F7556}") = "CarBootSale", "ControlFlow\CarBootSale.csproj", "{A0DC4C28-E027-4A31-892F-A1757DE7FD79}"
EndProject
Project("{9A19103F-16F7-4668-BE54-9A1E7A4F7556}") = "TheThirdEye", "TheThirdEye\TheThirdEye.csproj", "{22BB6019-D063-4458-8F56-306B61361FAC}"
EndProject
Project("{9A19103F-16F7-4668-BE54-9A1E7A4F7556}") = "MegaExtremeGamerAwesomenessNetwork", "MegaExtremeGamerAwesomenessNetwork\MegaExtremeGamerAwesomenessNetwork.csproj", "{EBDB0AE4-15A3-4539-9A7C-1EB6402D12F2}"
EndProject
Project("{9A19103F-16F7-4668-BE54-9A1E7A4F7556}") = "ShellGame", "ShellGame\ShellGame.csproj", "{1AB674F3-D357-4576-82DF-A47DA24EC2BD}"
EndProject
Project("{9A19103F-16F7-4668-BE54-9A1E7A4F7556}") = "NutritionInfo", "NutritionInfo\NutritionInfo.csproj", "{2DEB8F86-E679-42B1-AB0D-034343B2953D}"
EndProject
Project("{9A19103F-16F7-4668-BE54-9A1E7A4F7556}") = "ShoppingList", "ShoppingList\ShoppingList.csproj", "{4A507C9D-853D-4A97-87D6-09F633AB7210}"
EndProject
Project("{FAE04EC0-301F-11D3-BF4B-00C04F79EFBC}") = "BudgetApp", "BudgetApp\BudgetApp.csproj", "{5803AA0E-035F-4C05-94C8-7029F2A84741}"
EndProject
Global
	GlobalSection(SolutionConfigurationPlatforms) = preSolution
		Debug|Any CPU = Debug|Any CPU
		Release|Any CPU = Release|Any CPU
	EndGlobalSection
	GlobalSection(ProjectConfigurationPlatforms) = postSolution
		{D72F5361-812E-49B6-AEED-16AA7554B373}.Debug|Any CPU.ActiveCfg = Debug|Any CPU
		{D72F5361-812E-49B6-AEED-16AA7554B373}.Debug|Any CPU.Build.0 = Debug|Any CPU
		{D72F5361-812E-49B6-AEED-16AA7554B373}.Release|Any CPU.ActiveCfg = Release|Any CPU
		{D72F5361-812E-49B6-AEED-16AA7554B373}.Release|Any CPU.Build.0 = Release|Any CPU
		{A0DC4C28-E027-4A31-892F-A1757DE7FD79}.Debug|Any CPU.ActiveCfg = Debug|Any CPU
		{A0DC4C28-E027-4A31-892F-A1757DE7FD79}.Debug|Any CPU.Build.0 = Debug|Any CPU
		{A0DC4C28-E027-4A31-892F-A1757DE7FD79}.Release|Any CPU.ActiveCfg = Release|Any CPU
		{A0DC4C28-E027-4A31-892F-A1757DE7FD79}.Release|Any CPU.Build.0 = Release|Any CPU
		{22BB6019-D063-4458-8F56-306B61361FAC}.Debug|Any CPU.ActiveCfg = Debug|Any CPU
		{22BB6019-D063-4458-8F56-306B61361FAC}.Debug|Any CPU.Build.0 = Debug|Any CPU
		{22BB6019-D063-4458-8F56-306B61361FAC}.Release|Any CPU.ActiveCfg = Release|Any CPU
		{22BB6019-D063-4458-8F56-306B61361FAC}.Release|Any CPU.Build.0 = Release|Any CPU
		{EBDB0AE4-15A3-4539-9A7C-1EB6402D12F2}.Debug|Any CPU.ActiveCfg = Debug|Any CPU
		{EBDB0AE4-15A3-4539-9A7C-1EB6402D12F2}.Debug|Any CPU.Build.0 = Debug|Any CPU
		{EBDB0AE4-15A3-4539-9A7C-1EB6402D12F2}.Release|Any CPU.ActiveCfg = Release|Any CPU
		{EBDB0AE4-15A3-4539-9A7C-1EB6402D12F2}.Release|Any CPU.Build.0 = Release|Any CPU
		{1AB674F3-D357-4576-82DF-A47DA24EC2BD}.Debug|Any CPU.ActiveCfg = Debug|Any CPU
		{1AB674F3-D357-4576-82DF-A47DA24EC2BD}.Debug|Any CPU.Build.0 = Debug|Any CPU
		{1AB674F3-D357-4576-82DF-A47DA24EC2BD}.Release|Any CPU.ActiveCfg = Release|Any CPU
		{1AB674F3-D357-4576-82DF-A47DA24EC2BD}.Release|Any CPU.Build.0 = Release|Any CPU
		{2DEB8F86-E679-42B1-AB0D-034343B2953D}.Debug|Any CPU.ActiveCfg = Debug|Any CPU
		{2DEB8F86-E679-42B1-AB0D-034343B2953D}.Debug|Any CPU.Build.0 = Debug|Any CPU
		{2DEB8F86-E679-42B1-AB0D-034343B2953D}.Release|Any CPU.ActiveCfg = Release|Any CPU
		{2DEB8F86-E679-42B1-AB0D-034343B2953D}.Release|Any CPU.Build.0 = Release|Any CPU
		{4A507C9D-853D-4A97-87D6-09F633AB7210}.Debug|Any CPU.ActiveCfg = Debug|Any CPU
		{4A507C9D-853D-4A97-87D6-09F633AB7210}.Debug|Any CPU.Build.0 = Debug|Any CPU
		{4A507C9D-853D-4A97-87D6-09F633AB7210}.Release|Any CPU.ActiveCfg = Release|Any CPU
		{4A507C9D-853D-4A97-87D6-09F633AB7210}.Release|Any CPU.Build.0 = Release|Any CPU
		{5803AA0E-035F-4C05-94C8-7029F2A84741}.Debug|Any CPU.ActiveCfg = Debug|Any CPU
		{5803AA0E-035F-4C05-94C8-7029F2A84741}.Debug|Any CPU.Build.0 = Debug|Any CPU
		{5803AA0E-035F-4C05-94C8-7029F2A84741}.Release|Any CPU.ActiveCfg = Release|Any CPU
		{5803AA0E-035F-4C05-94C8-7029F2A84741}.Release|Any CPU.Build.0 = Release|Any CPU
	EndGlobalSection
	GlobalSection(SolutionProperties) = preSolution
		HideSolutionNode = FALSE
	EndGlobalSection
	GlobalSection(ExtensibilityGlobals) = postSolution
		SolutionGuid = {0D859D68-E843-4821-BD05-FBC85E6E4249}
	EndGlobalSection
EndGlobal
