
Microsoft Visual Studio Solution File, Format Version 12.00
# Visual Studio Version 17
VisualStudioVersion = 17.9.34622.214
MinimumVisualStudioVersion = 10.0.40219.1
Project("{9A19103F-16F7-4668-BE54-9A1E7A4F7556}") = "HelloWorld", "HelloWorld\HelloWorld.csproj", "{D72F5361-812E-49B6-AEED-16AA7554B373}"
EndProject
Project("{FAE04EC0-301F-11D3-BF4B-00C04F79EFBC}") = "ControlFlow", "ControlFlow\ControlFlow.csproj", "{A0DC4C28-E027-4A31-892F-A1757DE7FD79}"
EndProject
Global
	GlobalSection(SolutionConfigurationPlatforms) = preSolution
		Debug|Any CPU = Debug|Any CPU
		Release|Any CPU = Release|Any CPU
	EndGlobalSection
	GlobalSection(ProjectConfigurationPlatforms) = postSolution
		{D72F5361-812E-49B6-AEED-16AA7554B373}.Debug|Any CPU.ActiveCfg = Debug|Any CPU
		{D72F5361-812E-49B6-AEED-16AA7554B373}.Debug|Any CPU.Build.0 = Debug|Any CPU
		{D72F5361-812E-49B6-AEED-16AA7554B373}.Release|Any CPU.ActiveCfg = Release|Any CPU
		{D72F5361-812E-49B6-AEED-16AA7554B373}.Release|Any CPU.Build.0 = Release|Any CPU
		{A0DC4C28-E027-4A31-892F-A1757DE7FD79}.Debug|Any CPU.ActiveCfg = Debug|Any CPU
		{A0DC4C28-E027-4A31-892F-A1757DE7FD79}.Debug|Any CPU.Build.0 = Debug|Any CPU
		{A0DC4C28-E027-4A31-892F-A1757DE7FD79}.Release|Any CPU.ActiveCfg = Release|Any CPU
		{A0DC4C28-E027-4A31-892F-A1757DE7FD79}.Release|Any CPU.Build.0 = Release|Any CPU
	EndGlobalSection
	GlobalSection(SolutionProperties) = preSolution
		HideSolutionNode = FALSE
	EndGlobalSection
	GlobalSection(ExtensibilityGlobals) = postSolution
		SolutionGuid = {0D859D68-E843-4821-BD05-FBC85E6E4249}
	EndGlobalSection
EndGlobal
